
Microsoft Visual Studio Solution File, Format Version 12.00
# Visual Studio 15
VisualStudioVersion = 15.0.35706.147
MinimumVisualStudioVersion = 10.0.40219.1
Project("{F184B08F-C81C-45F6-A57F-5ABD9991F28F}") = "Farmacia1.0", "Farmacia1.0\Farmacia1.0.vbproj", "{776DA88F-0E5E-4289-B380-859DB7AB3F6E}"
EndProject
Project("{FAE04EC0-301F-11D3-BF4B-00C04F79EFBC}") = "Helpers", "Helpers\Helpers.csproj", "{B0239496-75BF-4A7A-B5BE-76D1168C5830}"
EndProject
Global
	GlobalSection(SolutionConfigurationPlatforms) = preSolution
		Debug|Any CPU = Debug|Any CPU
		Release|Any CPU = Release|Any CPU
	EndGlobalSection
	GlobalSection(ProjectConfigurationPlatforms) = postSolution
		{776DA88F-0E5E-4289-B380-859DB7AB3F6E}.Debug|Any CPU.ActiveCfg = Debug|Any CPU
		{776DA88F-0E5E-4289-B380-859DB7AB3F6E}.Debug|Any CPU.Build.0 = Debug|Any CPU
		{776DA88F-0E5E-4289-B380-859DB7AB3F6E}.Release|Any CPU.ActiveCfg = Release|Any CPU
		{776DA88F-0E5E-4289-B380-859DB7AB3F6E}.Release|Any CPU.Build.0 = Release|Any CPU
		{B0239496-75BF-4A7A-B5BE-76D1168C5830}.Debug|Any CPU.ActiveCfg = Debug|Any CPU
		{B0239496-75BF-4A7A-B5BE-76D1168C5830}.Debug|Any CPU.Build.0 = Debug|Any CPU
		{B0239496-75BF-4A7A-B5BE-76D1168C5830}.Release|Any CPU.ActiveCfg = Release|Any CPU
		{B0239496-75BF-4A7A-B5BE-76D1168C5830}.Release|Any CPU.Build.0 = Release|Any CPU
	EndGlobalSection
	GlobalSection(SolutionProperties) = preSolution
		HideSolutionNode = FALSE
	EndGlobalSection
	GlobalSection(ExtensibilityGlobals) = postSolution
		SolutionGuid = {2F0FE3C1-EC7F-4774-AC18-0F5F1677E144}
	EndGlobalSection
EndGlobal
